
Microsoft Visual Studio Solution File, Format Version 12.00
# Visual Studio Version 17
VisualStudioVersion = 17.11.35303.130
MinimumVisualStudioVersion = 10.0.40219.1
Project("{FAE04EC0-301F-11D3-BF4B-00C04F79EFBC}") = "LdapAttributeValueRetriever", "LdapAttributeValueRetriever\LdapAttributeValueRetriever.csproj", "{E30905E7-41BF-498F-A563-09FA2DF562E8}"
EndProject
Project("{FAE04EC0-301F-11D3-BF4B-00C04F79EFBC}") = "LdapAttributeValueRetriever.Worker", "LdapAttributeValueRetriever.Worker\LdapAttributeValueRetriever.Worker.csproj", "{B624FAD9-504B-496E-BC9F-2D09BFF01A76}"
EndProject
Global
	GlobalSection(SolutionConfigurationPlatforms) = preSolution
		Debug|Any CPU = Debug|Any CPU
		Release|Any CPU = Release|Any CPU
	EndGlobalSection
	GlobalSection(ProjectConfigurationPlatforms) = postSolution
		{E30905E7-41BF-498F-A563-09FA2DF562E8}.Debug|Any CPU.ActiveCfg = Debug|Any CPU
		{E30905E7-41BF-498F-A563-09FA2DF562E8}.Debug|Any CPU.Build.0 = Debug|Any CPU
		{E30905E7-41BF-498F-A563-09FA2DF562E8}.Release|Any CPU.ActiveCfg = Release|Any CPU
		{E30905E7-41BF-498F-A563-09FA2DF562E8}.Release|Any CPU.Build.0 = Release|Any CPU
		{B624FAD9-504B-496E-BC9F-2D09BFF01A76}.Debug|Any CPU.ActiveCfg = Debug|Any CPU
		{B624FAD9-504B-496E-BC9F-2D09BFF01A76}.Debug|Any CPU.Build.0 = Debug|Any CPU
		{B624FAD9-504B-496E-BC9F-2D09BFF01A76}.Release|Any CPU.ActiveCfg = Release|Any CPU
		{B624FAD9-504B-496E-BC9F-2D09BFF01A76}.Release|Any CPU.Build.0 = Release|Any CPU
	EndGlobalSection
	GlobalSection(SolutionProperties) = preSolution
		HideSolutionNode = FALSE
	EndGlobalSection
	GlobalSection(ExtensibilityGlobals) = postSolution
		SolutionGuid = {4A4EDF2F-1FF5-4091-BB7B-D84013DE3080}
	EndGlobalSection
EndGlobal
